
Microsoft Visual Studio Solution File, Format Version 12.00
# Visual Studio 14
VisualStudioVersion = 14.0.24720.0
MinimumVisualStudioVersion = 10.0.40219.1
Project("{FAE04EC0-301F-11D3-BF4B-00C04F79EFBC}") = "LiveTester", "LiveTester\LiveTester.csproj", "{A5684F62-2E60-4627-9AF1-AC06386413A4}"
EndProject
Project("{FAE04EC0-301F-11D3-BF4B-00C04F79EFBC}") = "LiveTester.Tests", "LiveTester.Tests\LiveTester.Tests.csproj", "{5C8483B2-0A8C-4D75-9327-2C0294527179}"
EndProject
Project("{FAE04EC0-301F-11D3-BF4B-00C04F79EFBC}") = "LiveTester.Connection", "LiveTester.Connection\LiveTester.Connection.csproj", "{2804BCE3-5772-42E0-8B53-13BBAD6BCF9F}"
EndProject
Project("{FAE04EC0-301F-11D3-BF4B-00C04F79EFBC}") = "LiveTester.DataAccessLayer", "LiveTester.DataAccessLayer\LiveTester.DataAccessLayer.csproj", "{398C475E-519F-4C29-8E3F-BBEFD4041971}"
EndProject
Global
	GlobalSection(SolutionConfigurationPlatforms) = preSolution
		Debug|Any CPU = Debug|Any CPU
		Release|Any CPU = Release|Any CPU
	EndGlobalSection
	GlobalSection(ProjectConfigurationPlatforms) = postSolution
		{A5684F62-2E60-4627-9AF1-AC06386413A4}.Debug|Any CPU.ActiveCfg = Debug|Any CPU
		{A5684F62-2E60-4627-9AF1-AC06386413A4}.Debug|Any CPU.Build.0 = Debug|Any CPU
		{A5684F62-2E60-4627-9AF1-AC06386413A4}.Release|Any CPU.ActiveCfg = Release|Any CPU
		{A5684F62-2E60-4627-9AF1-AC06386413A4}.Release|Any CPU.Build.0 = Release|Any CPU
		{5C8483B2-0A8C-4D75-9327-2C0294527179}.Debug|Any CPU.ActiveCfg = Debug|Any CPU
		{5C8483B2-0A8C-4D75-9327-2C0294527179}.Debug|Any CPU.Build.0 = Debug|Any CPU
		{5C8483B2-0A8C-4D75-9327-2C0294527179}.Release|Any CPU.ActiveCfg = Release|Any CPU
		{5C8483B2-0A8C-4D75-9327-2C0294527179}.Release|Any CPU.Build.0 = Release|Any CPU
		{2804BCE3-5772-42E0-8B53-13BBAD6BCF9F}.Debug|Any CPU.ActiveCfg = Debug|Any CPU
		{2804BCE3-5772-42E0-8B53-13BBAD6BCF9F}.Debug|Any CPU.Build.0 = Debug|Any CPU
		{2804BCE3-5772-42E0-8B53-13BBAD6BCF9F}.Release|Any CPU.ActiveCfg = Release|Any CPU
		{2804BCE3-5772-42E0-8B53-13BBAD6BCF9F}.Release|Any CPU.Build.0 = Release|Any CPU
		{398C475E-519F-4C29-8E3F-BBEFD4041971}.Debug|Any CPU.ActiveCfg = Debug|Any CPU
		{398C475E-519F-4C29-8E3F-BBEFD4041971}.Debug|Any CPU.Build.0 = Debug|Any CPU
		{398C475E-519F-4C29-8E3F-BBEFD4041971}.Release|Any CPU.ActiveCfg = Release|Any CPU
		{398C475E-519F-4C29-8E3F-BBEFD4041971}.Release|Any CPU.Build.0 = Release|Any CPU
	EndGlobalSection
	GlobalSection(SolutionProperties) = preSolution
		HideSolutionNode = FALSE
	EndGlobalSection
EndGlobal
